// !$*UTF8*$!
{
	archiveVersion = 1;
	classes = {
	};
	objectVersion = 46;
	objects = {

/* Begin PBXBuildFile section */
		660830B214EDE172009BFDA4 /* UIKit.framework in Frameworks */ = {isa = PBXBuildFile; fileRef = 660830B114EDE172009BFDA4 /* UIKit.framework */; };
		660830B414EDE172009BFDA4 /* Foundation.framework in Frameworks */ = {isa = PBXBuildFile; fileRef = 660830B314EDE172009BFDA4 /* Foundation.framework */; };
		660830B614EDE172009BFDA4 /* CoreGraphics.framework in Frameworks */ = {isa = PBXBuildFile; fileRef = 660830B514EDE172009BFDA4 /* CoreGraphics.framework */; };
		660830BC14EDE172009BFDA4 /* InfoPlist.strings in Resources */ = {isa = PBXBuildFile; fileRef = 660830BA14EDE172009BFDA4 /* InfoPlist.strings */; };
		660830BE14EDE172009BFDA4 /* main.m in Sources */ = {isa = PBXBuildFile; fileRef = 660830BD14EDE172009BFDA4 /* main.m */; };
		660830C214EDE172009BFDA4 /* DLAppDelegate.m in Sources */ = {isa = PBXBuildFile; fileRef = 660830C114EDE172009BFDA4 /* DLAppDelegate.m */; };
		660830CB14EDE1CD009BFDA4 /* OLArticleViewController.m in Sources */ = {isa = PBXBuildFile; fileRef = 660830C914EDE1CD009BFDA4 /* OLArticleViewController.m */; };
		660830CC14EDE1CD009BFDA4 /* OLArticleViewController.xib in Resources */ = {isa = PBXBuildFile; fileRef = 660830CA14EDE1CD009BFDA4 /* OLArticleViewController.xib */; };
		660830D714EDE284009BFDA4 /* bt-facebook.png in Resources */ = {isa = PBXBuildFile; fileRef = 660830CE14EDE284009BFDA4 /* bt-facebook.png */; };
		660830D814EDE284009BFDA4 /* bt-mail.png in Resources */ = {isa = PBXBuildFile; fileRef = 660830CF14EDE284009BFDA4 /* bt-mail.png */; };
		660830D914EDE284009BFDA4 /* bt-save-active.png in Resources */ = {isa = PBXBuildFile; fileRef = 660830D014EDE284009BFDA4 /* bt-save-active.png */; };
		660830DA14EDE284009BFDA4 /* bt-save.png in Resources */ = {isa = PBXBuildFile; fileRef = 660830D114EDE284009BFDA4 /* bt-save.png */; };
		660830DB14EDE284009BFDA4 /* bt-twitter.png in Resources */ = {isa = PBXBuildFile; fileRef = 660830D214EDE284009BFDA4 /* bt-twitter.png */; };
		660830DC14EDE284009BFDA4 /* modal-email-background.png in Resources */ = {isa = PBXBuildFile; fileRef = 660830D314EDE284009BFDA4 /* modal-email-background.png */; };
		660830DD14EDE284009BFDA4 /* modal-facebook-background.png in Resources */ = {isa = PBXBuildFile; fileRef = 660830D414EDE284009BFDA4 /* modal-facebook-background.png */; };
		660830DE14EDE284009BFDA4 /* modal-twitter-background.png in Resources */ = {isa = PBXBuildFile; fileRef = 660830D514EDE284009BFDA4 /* modal-twitter-background.png */; };
		660830DF14EDE284009BFDA4 /* social-share.png in Resources */ = {isa = PBXBuildFile; fileRef = 660830D614EDE284009BFDA4 /* social-share.png */; };
		660830E214EDE548009BFDA4 /* Article.m in Sources */ = {isa = PBXBuildFile; fileRef = 660830E114EDE548009BFDA4 /* Article.m */; };
		660830EB14EDEA70009BFDA4 /* mountain-lion.jpg in Resources */ = {isa = PBXBuildFile; fileRef = 660830EA14EDEA70009BFDA4 /* mountain-lion.jpg */; };
		792CA34914F24DEC004648C5 /* fb-title.png in Resources */ = {isa = PBXBuildFile; fileRef = 792CA34814F24DEC004648C5 /* fb-title.png */; };
		792CA34C14F24EF1004648C5 /* user-img.png in Resources */ = {isa = PBXBuildFile; fileRef = 792CA34B14F24EF1004648C5 /* user-img.png */; };
		792CA34E14F254B6004648C5 /* QuartzCore.framework in Frameworks */ = {isa = PBXBuildFile; fileRef = 792CA34D14F254B6004648C5 /* QuartzCore.framework */; };
		792CA35014F25D8F004648C5 /* btn-share.png in Resources */ = {isa = PBXBuildFile; fileRef = 792CA34F14F25D8F004648C5 /* btn-share.png */; };
		792CA35214F26212004648C5 /* twitter-title.png in Resources */ = {isa = PBXBuildFile; fileRef = 792CA35114F26212004648C5 /* twitter-title.png */; };
		79B470B914F772AC00F467F6 /* libxml2.dylib in Frameworks */ = {isa = PBXBuildFile; fileRef = 79B470B814F772AC00F467F6 /* libxml2.dylib */; };
		79B4715B14F7797800F467F6 /* jQueryInject.txt in Resources */ = {isa = PBXBuildFile; fileRef = 79B4712114F7797800F467F6 /* jQueryInject.txt */; };
		79B4715C14F7797800F467F6 /* jQueryInjectLandscape.txt in Resources */ = {isa = PBXBuildFile; fileRef = 79B4712214F7797800F467F6 /* jQueryInjectLandscape.txt */; };
		79B4715D14F7797800F467F6 /* libOAuth.a in Frameworks */ = {isa = PBXBuildFile; fileRef = 79B4712314F7797800F467F6 /* libOAuth.a */; };
		79B4715E14F7797800F467F6 /* MGTwitterEngine.m in Sources */ = {isa = PBXBuildFile; fileRef = 79B4713614F7797800F467F6 /* MGTwitterEngine.m */; };
		79B4715F14F7797800F467F6 /* MGTwitterHTTPURLConnection.m in Sources */ = {isa = PBXBuildFile; fileRef = 79B4713A14F7797800F467F6 /* MGTwitterHTTPURLConnection.m */; };
		79B4716014F7797800F467F6 /* MGTwitterLibXMLParser.m in Sources */ = {isa = PBXBuildFile; fileRef = 79B4713C14F7797800F467F6 /* MGTwitterLibXMLParser.m */; };
		79B4716114F7797800F467F6 /* MGTwitterMessagesLibXMLParser.m in Sources */ = {isa = PBXBuildFile; fileRef = 79B4713E14F7797800F467F6 /* MGTwitterMessagesLibXMLParser.m */; };
		79B4716214F7797800F467F6 /* MGTwitterMessagesParser.m in Sources */ = {isa = PBXBuildFile; fileRef = 79B4714014F7797800F467F6 /* MGTwitterMessagesParser.m */; };
		79B4716314F7797800F467F6 /* MGTwitterMiscLibXMLParser.m in Sources */ = {isa = PBXBuildFile; fileRef = 79B4714214F7797800F467F6 /* MGTwitterMiscLibXMLParser.m */; };
		79B4716414F7797800F467F6 /* MGTwitterMiscParser.m in Sources */ = {isa = PBXBuildFile; fileRef = 79B4714414F7797800F467F6 /* MGTwitterMiscParser.m */; };
		79B4716514F7797800F467F6 /* MGTwitterStatusesLibXMLParser.m in Sources */ = {isa = PBXBuildFile; fileRef = 79B4714814F7797800F467F6 /* MGTwitterStatusesLibXMLParser.m */; };
		79B4716614F7797800F467F6 /* MGTwitterStatusesParser.m in Sources */ = {isa = PBXBuildFile; fileRef = 79B4714A14F7797800F467F6 /* MGTwitterStatusesParser.m */; };
		79B4716714F7797800F467F6 /* MGTwitterUsersLibXMLParser.m in Sources */ = {isa = PBXBuildFile; fileRef = 79B4714C14F7797800F467F6 /* MGTwitterUsersLibXMLParser.m */; };
		79B4716814F7797800F467F6 /* MGTwitterUsersParser.m in Sources */ = {isa = PBXBuildFile; fileRef = 79B4714E14F7797800F467F6 /* MGTwitterUsersParser.m */; };
		79B4716914F7797800F467F6 /* MGTwitterXMLParser.m in Sources */ = {isa = PBXBuildFile; fileRef = 79B4715014F7797800F467F6 /* MGTwitterXMLParser.m */; };
		79B4716A14F7797800F467F6 /* NSData+Base64.m in Sources */ = {isa = PBXBuildFile; fileRef = 79B4715214F7797800F467F6 /* NSData+Base64.m */; };
		79B4716B14F7797800F467F6 /* NSString+UUID.m in Sources */ = {isa = PBXBuildFile; fileRef = 79B4715414F7797800F467F6 /* NSString+UUID.m */; };
		79B4716C14F7797800F467F6 /* SA_OAuthTwitterController.m in Sources */ = {isa = PBXBuildFile; fileRef = 79B4715714F7797800F467F6 /* SA_OAuthTwitterController.m */; };
		79B4716D14F7797800F467F6 /* SA_OAuthTwitterEngine.m in Sources */ = {isa = PBXBuildFile; fileRef = 79B4715914F7797800F467F6 /* SA_OAuthTwitterEngine.m */; };
		79B4716E14F7797800F467F6 /* twitter_load.png in Resources */ = {isa = PBXBuildFile; fileRef = 79B4715A14F7797800F467F6 /* twitter_load.png */; };
		79B4717014F7C9D800F467F6 /* MessageUI.framework in Frameworks */ = {isa = PBXBuildFile; fileRef = 79B4716F14F7C9D700F467F6 /* MessageUI.framework */; };
		79B4717514F7D47700F467F6 /* URLShortener.m in Sources */ = {isa = PBXBuildFile; fileRef = 79B4717214F7D47700F467F6 /* URLShortener.m */; };
		79F66F7214EF568900434439 /* background-share-modal.png in Resources */ = {isa = PBXBuildFile; fileRef = 79F66F7114EF568900434439 /* background-share-modal.png */; };
		79F8B1FA14F36A7B005DA786 /* NSObject+SBJSON.m in Sources */ = {isa = PBXBuildFile; fileRef = 79F8B1EF14F36A7B005DA786 /* NSObject+SBJSON.m */; };
		79F8B1FB14F36A7B005DA786 /* NSString+SBJSON.m in Sources */ = {isa = PBXBuildFile; fileRef = 79F8B1F114F36A7B005DA786 /* NSString+SBJSON.m */; };
		79F8B1FC14F36A7B005DA786 /* SBJSON.m in Sources */ = {isa = PBXBuildFile; fileRef = 79F8B1F314F36A7B005DA786 /* SBJSON.m */; };
		79F8B1FD14F36A7B005DA786 /* SBJsonBase.m in Sources */ = {isa = PBXBuildFile; fileRef = 79F8B1F514F36A7B005DA786 /* SBJsonBase.m */; };
		79F8B1FE14F36A7B005DA786 /* SBJsonParser.m in Sources */ = {isa = PBXBuildFile; fileRef = 79F8B1F714F36A7B005DA786 /* SBJsonParser.m */; };
		79F8B1FF14F36A7B005DA786 /* SBJsonWriter.m in Sources */ = {isa = PBXBuildFile; fileRef = 79F8B1F914F36A7B005DA786 /* SBJsonWriter.m */; };
		79F8B20B14F36AA5005DA786 /* FBRequest.m in Sources */ = {isa = PBXBuildFile; fileRef = 79F8B20114F36AA5005DA786 /* FBRequest.m */; };
		79F8B20C14F36AA5005DA786 /* FBLoginDialog.m in Sources */ = {isa = PBXBuildFile; fileRef = 79F8B20314F36AA5005DA786 /* FBLoginDialog.m */; };
		79F8B20D14F36AA5005DA786 /* FBDialog.m in Sources */ = {isa = PBXBuildFile; fileRef = 79F8B20514F36AA5005DA786 /* FBDialog.m */; };
		79F8B20E14F36AA5005DA786 /* FBDialog.bundle in Resources */ = {isa = PBXBuildFile; fileRef = 79F8B20714F36AA5005DA786 /* FBDialog.bundle */; };
		79F8B20F14F36AA5005DA786 /* Facebook.m in Sources */ = {isa = PBXBuildFile; fileRef = 79F8B20914F36AA5005DA786 /* Facebook.m */; };
		79F8B21414F378A6005DA786 /* LogoutPressed.png in Resources */ = {isa = PBXBuildFile; fileRef = 79F8B21014F378A6005DA786 /* LogoutPressed.png */; };
		79F8B21514F378A6005DA786 /* LogoutNormal.png in Resources */ = {isa = PBXBuildFile; fileRef = 79F8B21114F378A6005DA786 /* LogoutNormal.png */; };
		79F8B21614F378A6005DA786 /* LoginPressed.png in Resources */ = {isa = PBXBuildFile; fileRef = 79F8B21214F378A6005DA786 /* LoginPressed.png */; };
		79F8B21714F378A6005DA786 /* LoginNormal.png in Resources */ = {isa = PBXBuildFile; fileRef = 79F8B21314F378A6005DA786 /* LoginNormal.png */; };
/* End PBXBuildFile section */

/* Begin PBXFileReference section */
		660830AD14EDE172009BFDA4 /* DropoffLane.app */ = {isa = PBXFileReference; explicitFileType = wrapper.application; includeInIndex = 0; path = DropoffLane.app; sourceTree = BUILT_PRODUCTS_DIR; };
		660830B114EDE172009BFDA4 /* UIKit.framework */ = {isa = PBXFileReference; lastKnownFileType = wrapper.framework; name = UIKit.framework; path = System/Library/Frameworks/UIKit.framework; sourceTree = SDKROOT; };
		660830B314EDE172009BFDA4 /* Foundation.framework */ = {isa = PBXFileReference; lastKnownFileType = wrapper.framework; name = Foundation.framework; path = System/Library/Frameworks/Foundation.framework; sourceTree = SDKROOT; };
		660830B514EDE172009BFDA4 /* CoreGraphics.framework */ = {isa = PBXFileReference; lastKnownFileType = wrapper.framework; name = CoreGraphics.framework; path = System/Library/Frameworks/CoreGraphics.framework; sourceTree = SDKROOT; };
		660830B914EDE172009BFDA4 /* DropoffLane-Info.plist */ = {isa = PBXFileReference; lastKnownFileType = text.plist.xml; path = "DropoffLane-Info.plist"; sourceTree = "<group>"; };
		660830BB14EDE172009BFDA4 /* en */ = {isa = PBXFileReference; lastKnownFileType = text.plist.strings; name = en; path = en.lproj/InfoPlist.strings; sourceTree = "<group>"; };
		660830BD14EDE172009BFDA4 /* main.m */ = {isa = PBXFileReference; lastKnownFileType = sourcecode.c.objc; path = main.m; sourceTree = "<group>"; };
		660830BF14EDE172009BFDA4 /* DropoffLane-Prefix.pch */ = {isa = PBXFileReference; lastKnownFileType = sourcecode.c.h; path = "DropoffLane-Prefix.pch"; sourceTree = "<group>"; };
		660830C014EDE172009BFDA4 /* DLAppDelegate.h */ = {isa = PBXFileReference; lastKnownFileType = sourcecode.c.h; path = DLAppDelegate.h; sourceTree = "<group>"; };
		660830C114EDE172009BFDA4 /* DLAppDelegate.m */ = {isa = PBXFileReference; lastKnownFileType = sourcecode.c.objc; path = DLAppDelegate.m; sourceTree = "<group>"; };
		660830C814EDE1CD009BFDA4 /* OLArticleViewController.h */ = {isa = PBXFileReference; fileEncoding = 4; lastKnownFileType = sourcecode.c.h; path = OLArticleViewController.h; sourceTree = "<group>"; };
		660830C914EDE1CD009BFDA4 /* OLArticleViewController.m */ = {isa = PBXFileReference; fileEncoding = 4; lastKnownFileType = sourcecode.c.objc; path = OLArticleViewController.m; sourceTree = "<group>"; };
		660830CA14EDE1CD009BFDA4 /* OLArticleViewController.xib */ = {isa = PBXFileReference; fileEncoding = 4; lastKnownFileType = file.xib; path = OLArticleViewController.xib; sourceTree = "<group>"; };
		660830CE14EDE284009BFDA4 /* bt-facebook.png */ = {isa = PBXFileReference; lastKnownFileType = image.png; name = "bt-facebook.png"; path = "Images/bt-facebook.png"; sourceTree = "<group>"; };
		660830CF14EDE284009BFDA4 /* bt-mail.png */ = {isa = PBXFileReference; lastKnownFileType = image.png; name = "bt-mail.png"; path = "Images/bt-mail.png"; sourceTree = "<group>"; };
		660830D014EDE284009BFDA4 /* bt-save-active.png */ = {isa = PBXFileReference; lastKnownFileType = image.png; name = "bt-save-active.png"; path = "Images/bt-save-active.png"; sourceTree = "<group>"; };
		660830D114EDE284009BFDA4 /* bt-save.png */ = {isa = PBXFileReference; lastKnownFileType = image.png; name = "bt-save.png"; path = "Images/bt-save.png"; sourceTree = "<group>"; };
		660830D214EDE284009BFDA4 /* bt-twitter.png */ = {isa = PBXFileReference; lastKnownFileType = image.png; name = "bt-twitter.png"; path = "Images/bt-twitter.png"; sourceTree = "<group>"; };
		660830D314EDE284009BFDA4 /* modal-email-background.png */ = {isa = PBXFileReference; lastKnownFileType = image.png; name = "modal-email-background.png"; path = "Images/modal-email-background.png"; sourceTree = "<group>"; };
		660830D414EDE284009BFDA4 /* modal-facebook-background.png */ = {isa = PBXFileReference; lastKnownFileType = image.png; name = "modal-facebook-background.png"; path = "Images/modal-facebook-background.png"; sourceTree = "<group>"; };
		660830D514EDE284009BFDA4 /* modal-twitter-background.png */ = {isa = PBXFileReference; lastKnownFileType = image.png; name = "modal-twitter-background.png"; path = "Images/modal-twitter-background.png"; sourceTree = "<group>"; };
		660830D614EDE284009BFDA4 /* social-share.png */ = {isa = PBXFileReference; lastKnownFileType = image.png; name = "social-share.png"; path = "Images/social-share.png"; sourceTree = "<group>"; };
		660830E014EDE548009BFDA4 /* Article.h */ = {isa = PBXFileReference; fileEncoding = 4; lastKnownFileType = sourcecode.c.h; path = Article.h; sourceTree = "<group>"; };
		660830E114EDE548009BFDA4 /* Article.m */ = {isa = PBXFileReference; fileEncoding = 4; lastKnownFileType = sourcecode.c.objc; path = Article.m; sourceTree = "<group>"; };
		660830EA14EDEA70009BFDA4 /* mountain-lion.jpg */ = {isa = PBXFileReference; lastKnownFileType = image.jpeg; name = "mountain-lion.jpg"; path = "Images/mountain-lion.jpg"; sourceTree = "<group>"; };
		792CA34814F24DEC004648C5 /* fb-title.png */ = {isa = PBXFileReference; lastKnownFileType = image.png; name = "fb-title.png"; path = "Images/fb-title.png"; sourceTree = "<group>"; };
		792CA34B14F24EF1004648C5 /* user-img.png */ = {isa = PBXFileReference; lastKnownFileType = image.png; name = "user-img.png"; path = "Images/user-img.png"; sourceTree = "<group>"; };
		792CA34D14F254B6004648C5 /* QuartzCore.framework */ = {isa = PBXFileReference; lastKnownFileType = wrapper.framework; name = QuartzCore.framework; path = System/Library/Frameworks/QuartzCore.framework; sourceTree = SDKROOT; };
		792CA34F14F25D8F004648C5 /* btn-share.png */ = {isa = PBXFileReference; lastKnownFileType = image.png; name = "btn-share.png"; path = "Images/btn-share.png"; sourceTree = "<group>"; };
		792CA35114F26212004648C5 /* twitter-title.png */ = {isa = PBXFileReference; lastKnownFileType = image.png; name = "twitter-title.png"; path = "Images/twitter-title.png"; sourceTree = "<group>"; };
		79B470B814F772AC00F467F6 /* libxml2.dylib */ = {isa = PBXFileReference; lastKnownFileType = "compiled.mach-o.dylib"; name = libxml2.dylib; path = usr/lib/libxml2.dylib; sourceTree = SDKROOT; };
		79B4712114F7797800F467F6 /* jQueryInject.txt */ = {isa = PBXFileReference; fileEncoding = 4; lastKnownFileType = text; path = jQueryInject.txt; sourceTree = "<group>"; };
		79B4712214F7797800F467F6 /* jQueryInjectLandscape.txt */ = {isa = PBXFileReference; fileEncoding = 4; lastKnownFileType = text; path = jQueryInjectLandscape.txt; sourceTree = "<group>"; };
		79B4712314F7797800F467F6 /* libOAuth.a */ = {isa = PBXFileReference; lastKnownFileType = archive.ar; path = libOAuth.a; sourceTree = "<group>"; };
		79B4712514F7797800F467F6 /* NSMutableURLRequest+Parameters.h */ = {isa = PBXFileReference; fileEncoding = 4; lastKnownFileType = sourcecode.c.h; path = "NSMutableURLRequest+Parameters.h"; sourceTree = "<group>"; };
		79B4712614F7797800F467F6 /* NSString+URLEncoding.h */ = {isa = PBXFileReference; fileEncoding = 4; lastKnownFileType = sourcecode.c.h; path = "NSString+URLEncoding.h"; sourceTree = "<group>"; };
		79B4712714F7797800F467F6 /* NSURL+Base.h */ = {isa = PBXFileReference; fileEncoding = 4; lastKnownFileType = sourcecode.c.h; path = "NSURL+Base.h"; sourceTree = "<group>"; };
		79B4712814F7797800F467F6 /* OAAsynchronousDataFetcher.h */ = {isa = PBXFileReference; fileEncoding = 4; lastKnownFileType = sourcecode.c.h; path = OAAsynchronousDataFetcher.h; sourceTree = "<group>"; };
		79B4712914F7797800F467F6 /* OAConsumer.h */ = {isa = PBXFileReference; fileEncoding = 4; lastKnownFileType = sourcecode.c.h; path = OAConsumer.h; sourceTree = "<group>"; };
		79B4712A14F7797800F467F6 /* OADataFetcher.h */ = {isa = PBXFileReference; fileEncoding = 4; lastKnownFileType = sourcecode.c.h; path = OADataFetcher.h; sourceTree = "<group>"; };
		79B4712B14F7797800F467F6 /* OAHMAC_SHA1SignatureProvider.h */ = {isa = PBXFileReference; fileEncoding = 4; lastKnownFileType = sourcecode.c.h; path = OAHMAC_SHA1SignatureProvider.h; sourceTree = "<group>"; };
		79B4712C14F7797800F467F6 /* OAMutableURLRequest.h */ = {isa = PBXFileReference; fileEncoding = 4; lastKnownFileType = sourcecode.c.h; path = OAMutableURLRequest.h; sourceTree = "<group>"; };
		79B4712D14F7797800F467F6 /* OAPlaintextSignatureProvider.h */ = {isa = PBXFileReference; fileEncoding = 4; lastKnownFileType = sourcecode.c.h; path = OAPlaintextSignatureProvider.h; sourceTree = "<group>"; };
		79B4712E14F7797800F467F6 /* OARequestParameter.h */ = {isa = PBXFileReference; fileEncoding = 4; lastKnownFileType = sourcecode.c.h; path = OARequestParameter.h; sourceTree = "<group>"; };
		79B4712F14F7797800F467F6 /* OAServiceTicket.h */ = {isa = PBXFileReference; fileEncoding = 4; lastKnownFileType = sourcecode.c.h; path = OAServiceTicket.h; sourceTree = "<group>"; };
		79B4713014F7797800F467F6 /* OASignatureProviding.h */ = {isa = PBXFileReference; fileEncoding = 4; lastKnownFileType = sourcecode.c.h; path = OASignatureProviding.h; sourceTree = "<group>"; };
		79B4713114F7797800F467F6 /* OAToken.h */ = {isa = PBXFileReference; fileEncoding = 4; lastKnownFileType = sourcecode.c.h; path = OAToken.h; sourceTree = "<group>"; };
		79B4713214F7797800F467F6 /* OAToken_KeychainExtensions.h */ = {isa = PBXFileReference; fileEncoding = 4; lastKnownFileType = sourcecode.c.h; path = OAToken_KeychainExtensions.h; sourceTree = "<group>"; };
		79B4713314F7797800F467F6 /* OAuthConsumer.h */ = {isa = PBXFileReference; fileEncoding = 4; lastKnownFileType = sourcecode.c.h; path = OAuthConsumer.h; sourceTree = "<group>"; };
		79B4713514F7797800F467F6 /* MGTwitterEngine.h */ = {isa = PBXFileReference; fileEncoding = 4; lastKnownFileType = sourcecode.c.h; path = MGTwitterEngine.h; sourceTree = "<group>"; };
		79B4713614F7797800F467F6 /* MGTwitterEngine.m */ = {isa = PBXFileReference; fileEncoding = 4; lastKnownFileType = sourcecode.c.objc; path = MGTwitterEngine.m; sourceTree = "<group>"; };
		79B4713714F7797800F467F6 /* MGTwitterEngineDelegate.h */ = {isa = PBXFileReference; fileEncoding = 4; lastKnownFileType = sourcecode.c.h; path = MGTwitterEngineDelegate.h; sourceTree = "<group>"; };
		79B4713814F7797800F467F6 /* MGTwitterEngineGlobalHeader.h */ = {isa = PBXFileReference; fileEncoding = 4; lastKnownFileType = sourcecode.c.h; path = MGTwitterEngineGlobalHeader.h; sourceTree = "<group>"; };
		79B4713914F7797800F467F6 /* MGTwitterHTTPURLConnection.h */ = {isa = PBXFileReference; fileEncoding = 4; lastKnownFileType = sourcecode.c.h; path = MGTwitterHTTPURLConnection.h; sourceTree = "<group>"; };
		79B4713A14F7797800F467F6 /* MGTwitterHTTPURLConnection.m */ = {isa = PBXFileReference; fileEncoding = 4; lastKnownFileType = sourcecode.c.objc; path = MGTwitterHTTPURLConnection.m; sourceTree = "<group>"; };
		79B4713B14F7797800F467F6 /* MGTwitterLibXMLParser.h */ = {isa = PBXFileReference; fileEncoding = 4; lastKnownFileType = sourcecode.c.h; path = MGTwitterLibXMLParser.h; sourceTree = "<group>"; };
		79B4713C14F7797800F467F6 /* MGTwitterLibXMLParser.m */ = {isa = PBXFileReference; fileEncoding = 4; lastKnownFileType = sourcecode.c.objc; path = MGTwitterLibXMLParser.m; sourceTree = "<group>"; };
		79B4713D14F7797800F467F6 /* MGTwitterMessagesLibXMLParser.h */ = {isa = PBXFileReference; fileEncoding = 4; lastKnownFileType = sourcecode.c.h; path = MGTwitterMessagesLibXMLParser.h; sourceTree = "<group>"; };
		79B4713E14F7797800F467F6 /* MGTwitterMessagesLibXMLParser.m */ = {isa = PBXFileReference; fileEncoding = 4; lastKnownFileType = sourcecode.c.objc; path = MGTwitterMessagesLibXMLParser.m; sourceTree = "<group>"; };
		79B4713F14F7797800F467F6 /* MGTwitterMessagesParser.h */ = {isa = PBXFileReference; fileEncoding = 4; lastKnownFileType = sourcecode.c.h; path = MGTwitterMessagesParser.h; sourceTree = "<group>"; };
		79B4714014F7797800F467F6 /* MGTwitterMessagesParser.m */ = {isa = PBXFileReference; fileEncoding = 4; lastKnownFileType = sourcecode.c.objc; path = MGTwitterMessagesParser.m; sourceTree = "<group>"; };
		79B4714114F7797800F467F6 /* MGTwitterMiscLibXMLParser.h */ = {isa = PBXFileReference; fileEncoding = 4; lastKnownFileType = sourcecode.c.h; path = MGTwitterMiscLibXMLParser.h; sourceTree = "<group>"; };
		79B4714214F7797800F467F6 /* MGTwitterMiscLibXMLParser.m */ = {isa = PBXFileReference; fileEncoding = 4; lastKnownFileType = sourcecode.c.objc; path = MGTwitterMiscLibXMLParser.m; sourceTree = "<group>"; };
		79B4714314F7797800F467F6 /* MGTwitterMiscParser.h */ = {isa = PBXFileReference; fileEncoding = 4; lastKnownFileType = sourcecode.c.h; path = MGTwitterMiscParser.h; sourceTree = "<group>"; };
		79B4714414F7797800F467F6 /* MGTwitterMiscParser.m */ = {isa = PBXFileReference; fileEncoding = 4; lastKnownFileType = sourcecode.c.objc; path = MGTwitterMiscParser.m; sourceTree = "<group>"; };
		79B4714514F7797800F467F6 /* MGTwitterParserDelegate.h */ = {isa = PBXFileReference; fileEncoding = 4; lastKnownFileType = sourcecode.c.h; path = MGTwitterParserDelegate.h; sourceTree = "<group>"; };
		79B4714614F7797800F467F6 /* MGTwitterRequestTypes.h */ = {isa = PBXFileReference; fileEncoding = 4; lastKnownFileType = sourcecode.c.h; path = MGTwitterRequestTypes.h; sourceTree = "<group>"; };
		79B4714714F7797800F467F6 /* MGTwitterStatusesLibXMLParser.h */ = {isa = PBXFileReference; fileEncoding = 4; lastKnownFileType = sourcecode.c.h; path = MGTwitterStatusesLibXMLParser.h; sourceTree = "<group>"; };
		79B4714814F7797800F467F6 /* MGTwitterStatusesLibXMLParser.m */ = {isa = PBXFileReference; fileEncoding = 4; lastKnownFileType = sourcecode.c.objc; path = MGTwitterStatusesLibXMLParser.m; sourceTree = "<group>"; };
		79B4714914F7797800F467F6 /* MGTwitterStatusesParser.h */ = {isa = PBXFileReference; fileEncoding = 4; lastKnownFileType = sourcecode.c.h; path = MGTwitterStatusesParser.h; sourceTree = "<group>"; };
		79B4714A14F7797800F467F6 /* MGTwitterStatusesParser.m */ = {isa = PBXFileReference; fileEncoding = 4; lastKnownFileType = sourcecode.c.objc; path = MGTwitterStatusesParser.m; sourceTree = "<group>"; };
		79B4714B14F7797800F467F6 /* MGTwitterUsersLibXMLParser.h */ = {isa = PBXFileReference; fileEncoding = 4; lastKnownFileType = sourcecode.c.h; path = MGTwitterUsersLibXMLParser.h; sourceTree = "<group>"; };
		79B4714C14F7797800F467F6 /* MGTwitterUsersLibXMLParser.m */ = {isa = PBXFileReference; fileEncoding = 4; lastKnownFileType = sourcecode.c.objc; path = MGTwitterUsersLibXMLParser.m; sourceTree = "<group>"; };
		79B4714D14F7797800F467F6 /* MGTwitterUsersParser.h */ = {isa = PBXFileReference; fileEncoding = 4; lastKnownFileType = sourcecode.c.h; path = MGTwitterUsersParser.h; sourceTree = "<group>"; };
		79B4714E14F7797800F467F6 /* MGTwitterUsersParser.m */ = {isa = PBXFileReference; fileEncoding = 4; lastKnownFileType = sourcecode.c.objc; path = MGTwitterUsersParser.m; sourceTree = "<group>"; };
		79B4714F14F7797800F467F6 /* MGTwitterXMLParser.h */ = {isa = PBXFileReference; fileEncoding = 4; lastKnownFileType = sourcecode.c.h; path = MGTwitterXMLParser.h; sourceTree = "<group>"; };
		79B4715014F7797800F467F6 /* MGTwitterXMLParser.m */ = {isa = PBXFileReference; fileEncoding = 4; lastKnownFileType = sourcecode.c.objc; path = MGTwitterXMLParser.m; sourceTree = "<group>"; };
		79B4715114F7797800F467F6 /* NSData+Base64.h */ = {isa = PBXFileReference; fileEncoding = 4; lastKnownFileType = sourcecode.c.h; path = "NSData+Base64.h"; sourceTree = "<group>"; };
		79B4715214F7797800F467F6 /* NSData+Base64.m */ = {isa = PBXFileReference; fileEncoding = 4; lastKnownFileType = sourcecode.c.objc; path = "NSData+Base64.m"; sourceTree = "<group>"; };
		79B4715314F7797800F467F6 /* NSString+UUID.h */ = {isa = PBXFileReference; fileEncoding = 4; lastKnownFileType = sourcecode.c.h; path = "NSString+UUID.h"; sourceTree = "<group>"; };
		79B4715414F7797800F467F6 /* NSString+UUID.m */ = {isa = PBXFileReference; fileEncoding = 4; lastKnownFileType = sourcecode.c.objc; path = "NSString+UUID.m"; sourceTree = "<group>"; };
		79B4715614F7797800F467F6 /* SA_OAuthTwitterController.h */ = {isa = PBXFileReference; fileEncoding = 4; lastKnownFileType = sourcecode.c.h; path = SA_OAuthTwitterController.h; sourceTree = "<group>"; };
		79B4715714F7797800F467F6 /* SA_OAuthTwitterController.m */ = {isa = PBXFileReference; fileEncoding = 4; lastKnownFileType = sourcecode.c.objc; path = SA_OAuthTwitterController.m; sourceTree = "<group>"; };
		79B4715814F7797800F467F6 /* SA_OAuthTwitterEngine.h */ = {isa = PBXFileReference; fileEncoding = 4; lastKnownFileType = sourcecode.c.h; path = SA_OAuthTwitterEngine.h; sourceTree = "<group>"; };
		79B4715914F7797800F467F6 /* SA_OAuthTwitterEngine.m */ = {isa = PBXFileReference; fileEncoding = 4; lastKnownFileType = sourcecode.c.objc; path = SA_OAuthTwitterEngine.m; sourceTree = "<group>"; };
		79B4715A14F7797800F467F6 /* twitter_load.png */ = {isa = PBXFileReference; lastKnownFileType = image.png; path = twitter_load.png; sourceTree = "<group>"; };
		79B4716F14F7C9D700F467F6 /* MessageUI.framework */ = {isa = PBXFileReference; lastKnownFileType = wrapper.framework; name = MessageUI.framework; path = System/Library/Frameworks/MessageUI.framework; sourceTree = SDKROOT; };
		79B4717114F7D47700F467F6 /* URLShortener.h */ = {isa = PBXFileReference; fileEncoding = 4; lastKnownFileType = sourcecode.c.h; path = URLShortener.h; sourceTree = "<group>"; };
		79B4717214F7D47700F467F6 /* URLShortener.m */ = {isa = PBXFileReference; fileEncoding = 4; lastKnownFileType = sourcecode.c.objc; path = URLShortener.m; sourceTree = "<group>"; };
		79F66F7114EF568900434439 /* background-share-modal.png */ = {isa = PBXFileReference; lastKnownFileType = image.png; name = "background-share-modal.png"; path = "Images/background-share-modal.png"; sourceTree = "<group>"; };
		79F8B1ED14F36A7B005DA786 /* JSON.h */ = {isa = PBXFileReference; fileEncoding = 4; lastKnownFileType = sourcecode.c.h; path = JSON.h; sourceTree = "<group>"; };
		79F8B1EE14F36A7B005DA786 /* NSObject+SBJSON.h */ = {isa = PBXFileReference; fileEncoding = 4; lastKnownFileType = sourcecode.c.h; path = "NSObject+SBJSON.h"; sourceTree = "<group>"; };
		79F8B1EF14F36A7B005DA786 /* NSObject+SBJSON.m */ = {isa = PBXFileReference; fileEncoding = 4; lastKnownFileType = sourcecode.c.objc; path = "NSObject+SBJSON.m"; sourceTree = "<group>"; };
		79F8B1F014F36A7B005DA786 /* NSString+SBJSON.h */ = {isa = PBXFileReference; fileEncoding = 4; lastKnownFileType = sourcecode.c.h; path = "NSString+SBJSON.h"; sourceTree = "<group>"; };
		79F8B1F114F36A7B005DA786 /* NSString+SBJSON.m */ = {isa = PBXFileReference; fileEncoding = 4; lastKnownFileType = sourcecode.c.objc; path = "NSString+SBJSON.m"; sourceTree = "<group>"; };
		79F8B1F214F36A7B005DA786 /* SBJSON.h */ = {isa = PBXFileReference; fileEncoding = 4; lastKnownFileType = sourcecode.c.h; path = SBJSON.h; sourceTree = "<group>"; };
		79F8B1F314F36A7B005DA786 /* SBJSON.m */ = {isa = PBXFileReference; fileEncoding = 4; lastKnownFileType = sourcecode.c.objc; path = SBJSON.m; sourceTree = "<group>"; };
		79F8B1F414F36A7B005DA786 /* SBJsonBase.h */ = {isa = PBXFileReference; fileEncoding = 4; lastKnownFileType = sourcecode.c.h; path = SBJsonBase.h; sourceTree = "<group>"; };
		79F8B1F514F36A7B005DA786 /* SBJsonBase.m */ = {isa = PBXFileReference; fileEncoding = 4; lastKnownFileType = sourcecode.c.objc; path = SBJsonBase.m; sourceTree = "<group>"; };
		79F8B1F614F36A7B005DA786 /* SBJsonParser.h */ = {isa = PBXFileReference; fileEncoding = 4; lastKnownFileType = sourcecode.c.h; path = SBJsonParser.h; sourceTree = "<group>"; };
		79F8B1F714F36A7B005DA786 /* SBJsonParser.m */ = {isa = PBXFileReference; fileEncoding = 4; lastKnownFileType = sourcecode.c.objc; path = SBJsonParser.m; sourceTree = "<group>"; };
		79F8B1F814F36A7B005DA786 /* SBJsonWriter.h */ = {isa = PBXFileReference; fileEncoding = 4; lastKnownFileType = sourcecode.c.h; path = SBJsonWriter.h; sourceTree = "<group>"; };
		79F8B1F914F36A7B005DA786 /* SBJsonWriter.m */ = {isa = PBXFileReference; fileEncoding = 4; lastKnownFileType = sourcecode.c.objc; path = SBJsonWriter.m; sourceTree = "<group>"; };
		79F8B20114F36AA5005DA786 /* FBRequest.m */ = {isa = PBXFileReference; fileEncoding = 4; lastKnownFileType = sourcecode.c.objc; path = FBRequest.m; sourceTree = "<group>"; };
		79F8B20214F36AA5005DA786 /* FBRequest.h */ = {isa = PBXFileReference; fileEncoding = 4; lastKnownFileType = sourcecode.c.h; path = FBRequest.h; sourceTree = "<group>"; };
		79F8B20314F36AA5005DA786 /* FBLoginDialog.m */ = {isa = PBXFileReference; fileEncoding = 4; lastKnownFileType = sourcecode.c.objc; path = FBLoginDialog.m; sourceTree = "<group>"; };
		79F8B20414F36AA5005DA786 /* FBLoginDialog.h */ = {isa = PBXFileReference; fileEncoding = 4; lastKnownFileType = sourcecode.c.h; path = FBLoginDialog.h; sourceTree = "<group>"; };
		79F8B20514F36AA5005DA786 /* FBDialog.m */ = {isa = PBXFileReference; fileEncoding = 4; lastKnownFileType = sourcecode.c.objc; path = FBDialog.m; sourceTree = "<group>"; };
		79F8B20614F36AA5005DA786 /* FBDialog.h */ = {isa = PBXFileReference; fileEncoding = 4; lastKnownFileType = sourcecode.c.h; path = FBDialog.h; sourceTree = "<group>"; };
		79F8B20714F36AA5005DA786 /* FBDialog.bundle */ = {isa = PBXFileReference; lastKnownFileType = "wrapper.plug-in"; path = FBDialog.bundle; sourceTree = "<group>"; };
		79F8B20814F36AA5005DA786 /* FBConnect.h */ = {isa = PBXFileReference; fileEncoding = 4; lastKnownFileType = sourcecode.c.h; path = FBConnect.h; sourceTree = "<group>"; };
		79F8B20914F36AA5005DA786 /* Facebook.m */ = {isa = PBXFileReference; fileEncoding = 4; lastKnownFileType = sourcecode.c.objc; path = Facebook.m; sourceTree = "<group>"; };
		79F8B20A14F36AA5005DA786 /* Facebook.h */ = {isa = PBXFileReference; fileEncoding = 4; lastKnownFileType = sourcecode.c.h; path = Facebook.h; sourceTree = "<group>"; };
		79F8B21014F378A6005DA786 /* LogoutPressed.png */ = {isa = PBXFileReference; lastKnownFileType = image.png; name = LogoutPressed.png; path = Images/LogoutPressed.png; sourceTree = "<group>"; };
		79F8B21114F378A6005DA786 /* LogoutNormal.png */ = {isa = PBXFileReference; lastKnownFileType = image.png; name = LogoutNormal.png; path = Images/LogoutNormal.png; sourceTree = "<group>"; };
		79F8B21214F378A6005DA786 /* LoginPressed.png */ = {isa = PBXFileReference; lastKnownFileType = image.png; name = LoginPressed.png; path = Images/LoginPressed.png; sourceTree = "<group>"; };
		79F8B21314F378A6005DA786 /* LoginNormal.png */ = {isa = PBXFileReference; lastKnownFileType = image.png; name = LoginNormal.png; path = Images/LoginNormal.png; sourceTree = "<group>"; };
/* End PBXFileReference section */

/* Begin PBXFrameworksBuildPhase section */
		660830AA14EDE172009BFDA4 /* Frameworks */ = {
			isa = PBXFrameworksBuildPhase;
			buildActionMask = 2147483647;
			files = (
				79B4717014F7C9D800F467F6 /* MessageUI.framework in Frameworks */,
				79B470B914F772AC00F467F6 /* libxml2.dylib in Frameworks */,
				792CA34E14F254B6004648C5 /* QuartzCore.framework in Frameworks */,
				660830B214EDE172009BFDA4 /* UIKit.framework in Frameworks */,
				660830B414EDE172009BFDA4 /* Foundation.framework in Frameworks */,
				660830B614EDE172009BFDA4 /* CoreGraphics.framework in Frameworks */,
				79B4715D14F7797800F467F6 /* libOAuth.a in Frameworks */,
			);
			runOnlyForDeploymentPostprocessing = 0;
		};
/* End PBXFrameworksBuildPhase section */

/* Begin PBXGroup section */
		660830A214EDE172009BFDA4 = {
			isa = PBXGroup;
			children = (
				79B4716F14F7C9D700F467F6 /* MessageUI.framework */,
				79B4711F14F7797800F467F6 /* Twitter+OAuth */,
				79B470B814F772AC00F467F6 /* libxml2.dylib */,
				792CA3B114F36534004648C5 /* FBConnect */,
				792CA34D14F254B6004648C5 /* QuartzCore.framework */,
				660830B714EDE172009BFDA4 /* DropoffLane */,
				660830B014EDE172009BFDA4 /* Frameworks */,
				660830AE14EDE172009BFDA4 /* Products */,
			);
			sourceTree = "<group>";
		};
		660830AE14EDE172009BFDA4 /* Products */ = {
			isa = PBXGroup;
			children = (
				660830AD14EDE172009BFDA4 /* DropoffLane.app */,
			);
			name = Products;
			sourceTree = "<group>";
		};
		660830B014EDE172009BFDA4 /* Frameworks */ = {
			isa = PBXGroup;
			children = (
				660830B114EDE172009BFDA4 /* UIKit.framework */,
				660830B314EDE172009BFDA4 /* Foundation.framework */,
				660830B514EDE172009BFDA4 /* CoreGraphics.framework */,
			);
			name = Frameworks;
			sourceTree = "<group>";
		};
		660830B714EDE172009BFDA4 /* DropoffLane */ = {
			isa = PBXGroup;
			children = (
				660830E014EDE548009BFDA4 /* Article.h */,
				660830E114EDE548009BFDA4 /* Article.m */,
				660830C014EDE172009BFDA4 /* DLAppDelegate.h */,
				660830C114EDE172009BFDA4 /* DLAppDelegate.m */,
				660830C814EDE1CD009BFDA4 /* OLArticleViewController.h */,
				660830C914EDE1CD009BFDA4 /* OLArticleViewController.m */,
				660830CA14EDE1CD009BFDA4 /* OLArticleViewController.xib */,
				79B4717114F7D47700F467F6 /* URLShortener.h */,
				79B4717214F7D47700F467F6 /* URLShortener.m */,
				660830CD14EDE274009BFDA4 /* Images */,
				660830B814EDE172009BFDA4 /* Supporting Files */,
			);
			path = DropoffLane;
			sourceTree = "<group>";
		};
		660830B814EDE172009BFDA4 /* Supporting Files */ = {
			isa = PBXGroup;
			children = (
				660830B914EDE172009BFDA4 /* DropoffLane-Info.plist */,
				660830BA14EDE172009BFDA4 /* InfoPlist.strings */,
				660830BD14EDE172009BFDA4 /* main.m */,
				660830BF14EDE172009BFDA4 /* DropoffLane-Prefix.pch */,
			);
			name = "Supporting Files";
			sourceTree = "<group>";
		};
		660830CD14EDE274009BFDA4 /* Images */ = {
			isa = PBXGroup;
			children = (
				79F8B21014F378A6005DA786 /* LogoutPressed.png */,
				79F8B21114F378A6005DA786 /* LogoutNormal.png */,
				79F8B21214F378A6005DA786 /* LoginPressed.png */,
				79F8B21314F378A6005DA786 /* LoginNormal.png */,
				792CA35114F26212004648C5 /* twitter-title.png */,
				792CA34F14F25D8F004648C5 /* btn-share.png */,
				792CA34B14F24EF1004648C5 /* user-img.png */,
				792CA34814F24DEC004648C5 /* fb-title.png */,
				79F66F7114EF568900434439 /* background-share-modal.png */,
				660830EA14EDEA70009BFDA4 /* mountain-lion.jpg */,
				660830CE14EDE284009BFDA4 /* bt-facebook.png */,
				660830CF14EDE284009BFDA4 /* bt-mail.png */,
				660830D014EDE284009BFDA4 /* bt-save-active.png */,
				660830D114EDE284009BFDA4 /* bt-save.png */,
				660830D214EDE284009BFDA4 /* bt-twitter.png */,
				660830D314EDE284009BFDA4 /* modal-email-background.png */,
				660830D414EDE284009BFDA4 /* modal-facebook-background.png */,
				660830D514EDE284009BFDA4 /* modal-twitter-background.png */,
				660830D614EDE284009BFDA4 /* social-share.png */,
			);
			name = Images;
			sourceTree = "<group>";
		};
		792CA3B114F36534004648C5 /* FBConnect */ = {
			isa = PBXGroup;
			children = (
				79F8B20114F36AA5005DA786 /* FBRequest.m */,
				79F8B20214F36AA5005DA786 /* FBRequest.h */,
				79F8B20314F36AA5005DA786 /* FBLoginDialog.m */,
				79F8B20414F36AA5005DA786 /* FBLoginDialog.h */,
				79F8B20514F36AA5005DA786 /* FBDialog.m */,
				79F8B20614F36AA5005DA786 /* FBDialog.h */,
				79F8B20714F36AA5005DA786 /* FBDialog.bundle */,
				79F8B20814F36AA5005DA786 /* FBConnect.h */,
				79F8B20914F36AA5005DA786 /* Facebook.m */,
				79F8B20A14F36AA5005DA786 /* Facebook.h */,
				79F8B1EC14F36A7B005DA786 /* JSON */,
			);
			name = FBConnect;
			sourceTree = "<group>";
		};
		79B4711F14F7797800F467F6 /* Twitter+OAuth */ = {
			isa = PBXGroup;
			children = (
				79B4712014F7797800F467F6 /* Libraries & Headers */,
				79B4713414F7797800F467F6 /* MGTwitterEngine */,
				79B4715514F7797800F467F6 /* SAOAuthTwitterEngine */,
			);
			path = "Twitter+OAuth";
			sourceTree = "<group>";
		};
		79B4712014F7797800F467F6 /* Libraries & Headers */ = {
			isa = PBXGroup;
			children = (
				79B4712114F7797800F467F6 /* jQueryInject.txt */,
				79B4712214F7797800F467F6 /* jQueryInjectLandscape.txt */,
				79B4712314F7797800F467F6 /* libOAuth.a */,
				79B4712414F7797800F467F6 /* OAuthConsumer */,
			);
			path = "Libraries & Headers";
			sourceTree = "<group>";
		};
		79B4712414F7797800F467F6 /* OAuthConsumer */ = {
			isa = PBXGroup;
			children = (
				79B4712514F7797800F467F6 /* NSMutableURLRequest+Parameters.h */,
				79B4712614F7797800F467F6 /* NSString+URLEncoding.h */,
				79B4712714F7797800F467F6 /* NSURL+Base.h */,
				79B4712814F7797800F467F6 /* OAAsynchronousDataFetcher.h */,
				79B4712914F7797800F467F6 /* OAConsumer.h */,
				79B4712A14F7797800F467F6 /* OADataFetcher.h */,
				79B4712B14F7797800F467F6 /* OAHMAC_SHA1SignatureProvider.h */,
				79B4712C14F7797800F467F6 /* OAMutableURLRequest.h */,
				79B4712D14F7797800F467F6 /* OAPlaintextSignatureProvider.h */,
				79B4712E14F7797800F467F6 /* OARequestParameter.h */,
				79B4712F14F7797800F467F6 /* OAServiceTicket.h */,
				79B4713014F7797800F467F6 /* OASignatureProviding.h */,
				79B4713114F7797800F467F6 /* OAToken.h */,
				79B4713214F7797800F467F6 /* OAToken_KeychainExtensions.h */,
				79B4713314F7797800F467F6 /* OAuthConsumer.h */,
			);
			path = OAuthConsumer;
			sourceTree = "<group>";
		};
		79B4713414F7797800F467F6 /* MGTwitterEngine */ = {
			isa = PBXGroup;
			children = (
				79B4713514F7797800F467F6 /* MGTwitterEngine.h */,
				79B4713614F7797800F467F6 /* MGTwitterEngine.m */,
				79B4713714F7797800F467F6 /* MGTwitterEngineDelegate.h */,
				79B4713814F7797800F467F6 /* MGTwitterEngineGlobalHeader.h */,
				79B4713914F7797800F467F6 /* MGTwitterHTTPURLConnection.h */,
				79B4713A14F7797800F467F6 /* MGTwitterHTTPURLConnection.m */,
				79B4713B14F7797800F467F6 /* MGTwitterLibXMLParser.h */,
				79B4713C14F7797800F467F6 /* MGTwitterLibXMLParser.m */,
				79B4713D14F7797800F467F6 /* MGTwitterMessagesLibXMLParser.h */,
				79B4713E14F7797800F467F6 /* MGTwitterMessagesLibXMLParser.m */,
				79B4713F14F7797800F467F6 /* MGTwitterMessagesParser.h */,
				79B4714014F7797800F467F6 /* MGTwitterMessagesParser.m */,
				79B4714114F7797800F467F6 /* MGTwitterMiscLibXMLParser.h */,
				79B4714214F7797800F467F6 /* MGTwitterMiscLibXMLParser.m */,
				79B4714314F7797800F467F6 /* MGTwitterMiscParser.h */,
				79B4714414F7797800F467F6 /* MGTwitterMiscParser.m */,
				79B4714514F7797800F467F6 /* MGTwitterParserDelegate.h */,
				79B4714614F7797800F467F6 /* MGTwitterRequestTypes.h */,
				79B4714714F7797800F467F6 /* MGTwitterStatusesLibXMLParser.h */,
				79B4714814F7797800F467F6 /* MGTwitterStatusesLibXMLParser.m */,
				79B4714914F7797800F467F6 /* MGTwitterStatusesParser.h */,
				79B4714A14F7797800F467F6 /* MGTwitterStatusesParser.m */,
				79B4714B14F7797800F467F6 /* MGTwitterUsersLibXMLParser.h */,
				79B4714C14F7797800F467F6 /* MGTwitterUsersLibXMLParser.m */,
				79B4714D14F7797800F467F6 /* MGTwitterUsersParser.h */,
				79B4714E14F7797800F467F6 /* MGTwitterUsersParser.m */,
				79B4714F14F7797800F467F6 /* MGTwitterXMLParser.h */,
				79B4715014F7797800F467F6 /* MGTwitterXMLParser.m */,
				79B4715114F7797800F467F6 /* NSData+Base64.h */,
				79B4715214F7797800F467F6 /* NSData+Base64.m */,
				79B4715314F7797800F467F6 /* NSString+UUID.h */,
				79B4715414F7797800F467F6 /* NSString+UUID.m */,
			);
			path = MGTwitterEngine;
			sourceTree = "<group>";
		};
		79B4715514F7797800F467F6 /* SAOAuthTwitterEngine */ = {
			isa = PBXGroup;
			children = (
				79B4715614F7797800F467F6 /* SA_OAuthTwitterController.h */,
				79B4715714F7797800F467F6 /* SA_OAuthTwitterController.m */,
				79B4715814F7797800F467F6 /* SA_OAuthTwitterEngine.h */,
				79B4715914F7797800F467F6 /* SA_OAuthTwitterEngine.m */,
				79B4715A14F7797800F467F6 /* twitter_load.png */,
			);
			path = SAOAuthTwitterEngine;
			sourceTree = "<group>";
		};
		79F8B1EC14F36A7B005DA786 /* JSON */ = {
			isa = PBXGroup;
			children = (
				79F8B1ED14F36A7B005DA786 /* JSON.h */,
				79F8B1EE14F36A7B005DA786 /* NSObject+SBJSON.h */,
				79F8B1EF14F36A7B005DA786 /* NSObject+SBJSON.m */,
				79F8B1F014F36A7B005DA786 /* NSString+SBJSON.h */,
				79F8B1F114F36A7B005DA786 /* NSString+SBJSON.m */,
				79F8B1F214F36A7B005DA786 /* SBJSON.h */,
				79F8B1F314F36A7B005DA786 /* SBJSON.m */,
				79F8B1F414F36A7B005DA786 /* SBJsonBase.h */,
				79F8B1F514F36A7B005DA786 /* SBJsonBase.m */,
				79F8B1F614F36A7B005DA786 /* SBJsonParser.h */,
				79F8B1F714F36A7B005DA786 /* SBJsonParser.m */,
				79F8B1F814F36A7B005DA786 /* SBJsonWriter.h */,
				79F8B1F914F36A7B005DA786 /* SBJsonWriter.m */,
			);
			path = JSON;
			sourceTree = "<group>";
		};
/* End PBXGroup section */

/* Begin PBXNativeTarget section */
		660830AC14EDE172009BFDA4 /* DropoffLane */ = {
			isa = PBXNativeTarget;
			buildConfigurationList = 660830C514EDE172009BFDA4 /* Build configuration list for PBXNativeTarget "DropoffLane" */;
			buildPhases = (
				660830A914EDE172009BFDA4 /* Sources */,
				660830AA14EDE172009BFDA4 /* Frameworks */,
				660830AB14EDE172009BFDA4 /* Resources */,
			);
			buildRules = (
			);
			dependencies = (
			);
			name = DropoffLane;
			productName = DropoffLane;
			productReference = 660830AD14EDE172009BFDA4 /* DropoffLane.app */;
			productType = "com.apple.product-type.application";
		};
/* End PBXNativeTarget section */

/* Begin PBXProject section */
		660830A414EDE172009BFDA4 /* Project object */ = {
			isa = PBXProject;
			attributes = {
				LastUpgradeCheck = 0420;
			};
			buildConfigurationList = 660830A714EDE172009BFDA4 /* Build configuration list for PBXProject "DropoffLane" */;
			compatibilityVersion = "Xcode 3.2";
			developmentRegion = English;
			hasScannedForEncodings = 0;
			knownRegions = (
				en,
			);
			mainGroup = 660830A214EDE172009BFDA4;
			productRefGroup = 660830AE14EDE172009BFDA4 /* Products */;
			projectDirPath = "";
			projectRoot = "";
			targets = (
				660830AC14EDE172009BFDA4 /* DropoffLane */,
			);
		};
/* End PBXProject section */

/* Begin PBXResourcesBuildPhase section */
		660830AB14EDE172009BFDA4 /* Resources */ = {
			isa = PBXResourcesBuildPhase;
			buildActionMask = 2147483647;
			files = (
				660830BC14EDE172009BFDA4 /* InfoPlist.strings in Resources */,
				660830CC14EDE1CD009BFDA4 /* OLArticleViewController.xib in Resources */,
				660830D714EDE284009BFDA4 /* bt-facebook.png in Resources */,
				660830D814EDE284009BFDA4 /* bt-mail.png in Resources */,
				660830D914EDE284009BFDA4 /* bt-save-active.png in Resources */,
				660830DA14EDE284009BFDA4 /* bt-save.png in Resources */,
				660830DB14EDE284009BFDA4 /* bt-twitter.png in Resources */,
				660830DC14EDE284009BFDA4 /* modal-email-background.png in Resources */,
				660830DD14EDE284009BFDA4 /* modal-facebook-background.png in Resources */,
				660830DE14EDE284009BFDA4 /* modal-twitter-background.png in Resources */,
				660830DF14EDE284009BFDA4 /* social-share.png in Resources */,
				660830EB14EDEA70009BFDA4 /* mountain-lion.jpg in Resources */,
				79F66F7214EF568900434439 /* background-share-modal.png in Resources */,
				792CA34914F24DEC004648C5 /* fb-title.png in Resources */,
				792CA34C14F24EF1004648C5 /* user-img.png in Resources */,
				792CA35014F25D8F004648C5 /* btn-share.png in Resources */,
				792CA35214F26212004648C5 /* twitter-title.png in Resources */,
				79F8B20E14F36AA5005DA786 /* FBDialog.bundle in Resources */,
				79F8B21414F378A6005DA786 /* LogoutPressed.png in Resources */,
				79F8B21514F378A6005DA786 /* LogoutNormal.png in Resources */,
				79F8B21614F378A6005DA786 /* LoginPressed.png in Resources */,
				79F8B21714F378A6005DA786 /* LoginNormal.png in Resources */,
				79B4715B14F7797800F467F6 /* jQueryInject.txt in Resources */,
				79B4715C14F7797800F467F6 /* jQueryInjectLandscape.txt in Resources */,
				79B4716E14F7797800F467F6 /* twitter_load.png in Resources */,
			);
			runOnlyForDeploymentPostprocessing = 0;
		};
/* End PBXResourcesBuildPhase section */

/* Begin PBXSourcesBuildPhase section */
		660830A914EDE172009BFDA4 /* Sources */ = {
			isa = PBXSourcesBuildPhase;
			buildActionMask = 2147483647;
			files = (
				660830BE14EDE172009BFDA4 /* main.m in Sources */,
				660830C214EDE172009BFDA4 /* DLAppDelegate.m in Sources */,
				660830CB14EDE1CD009BFDA4 /* OLArticleViewController.m in Sources */,
				660830E214EDE548009BFDA4 /* Article.m in Sources */,
				79F8B1FA14F36A7B005DA786 /* NSObject+SBJSON.m in Sources */,
				79F8B1FB14F36A7B005DA786 /* NSString+SBJSON.m in Sources */,
				79F8B1FC14F36A7B005DA786 /* SBJSON.m in Sources */,
				79F8B1FD14F36A7B005DA786 /* SBJsonBase.m in Sources */,
				79F8B1FE14F36A7B005DA786 /* SBJsonParser.m in Sources */,
				79F8B1FF14F36A7B005DA786 /* SBJsonWriter.m in Sources */,
				79F8B20B14F36AA5005DA786 /* FBRequest.m in Sources */,
				79F8B20C14F36AA5005DA786 /* FBLoginDialog.m in Sources */,
				79F8B20D14F36AA5005DA786 /* FBDialog.m in Sources */,
				79F8B20F14F36AA5005DA786 /* Facebook.m in Sources */,
				79B4715E14F7797800F467F6 /* MGTwitterEngine.m in Sources */,
				79B4715F14F7797800F467F6 /* MGTwitterHTTPURLConnection.m in Sources */,
				79B4716014F7797800F467F6 /* MGTwitterLibXMLParser.m in Sources */,
				79B4716114F7797800F467F6 /* MGTwitterMessagesLibXMLParser.m in Sources */,
				79B4716214F7797800F467F6 /* MGTwitterMessagesParser.m in Sources */,
				79B4716314F7797800F467F6 /* MGTwitterMiscLibXMLParser.m in Sources */,
				79B4716414F7797800F467F6 /* MGTwitterMiscParser.m in Sources */,
				79B4716514F7797800F467F6 /* MGTwitterStatusesLibXMLParser.m in Sources */,
				79B4716614F7797800F467F6 /* MGTwitterStatusesParser.m in Sources */,
				79B4716714F7797800F467F6 /* MGTwitterUsersLibXMLParser.m in Sources */,
				79B4716814F7797800F467F6 /* MGTwitterUsersParser.m in Sources */,
				79B4716914F7797800F467F6 /* MGTwitterXMLParser.m in Sources */,
				79B4716A14F7797800F467F6 /* NSData+Base64.m in Sources */,
				79B4716B14F7797800F467F6 /* NSString+UUID.m in Sources */,
				79B4716C14F7797800F467F6 /* SA_OAuthTwitterController.m in Sources */,
				79B4716D14F7797800F467F6 /* SA_OAuthTwitterEngine.m in Sources */,
				79B4717514F7D47700F467F6 /* URLShortener.m in Sources */,
			);
			runOnlyForDeploymentPostprocessing = 0;
		};
/* End PBXSourcesBuildPhase section */

/* Begin PBXVariantGroup section */
		660830BA14EDE172009BFDA4 /* InfoPlist.strings */ = {
			isa = PBXVariantGroup;
			children = (
				660830BB14EDE172009BFDA4 /* en */,
			);
			name = InfoPlist.strings;
			sourceTree = "<group>";
		};
/* End PBXVariantGroup section */

/* Begin XCBuildConfiguration section */
		660830C314EDE172009BFDA4 /* Debug */ = {
			isa = XCBuildConfiguration;
			buildSettings = {
				ALWAYS_SEARCH_USER_PATHS = NO;
				ARCHS = "$(ARCHS_STANDARD_32_BIT)";
				CLANG_ENABLE_OBJC_ARC = YES;
				"CODE_SIGN_IDENTITY[sdk=iphoneos*]" = "iPhone Developer";
				COPY_PHASE_STRIP = NO;
				GCC_C_LANGUAGE_STANDARD = gnu99;
				GCC_DYNAMIC_NO_PIC = NO;
				GCC_OPTIMIZATION_LEVEL = 0;
				GCC_PREPROCESSOR_DEFINITIONS = (
					"DEBUG=1",
					"$(inherited)",
				);
				GCC_SYMBOLS_PRIVATE_EXTERN = NO;
				GCC_VERSION = com.apple.compilers.llvm.clang.1_0;
				GCC_WARN_ABOUT_MISSING_PROTOTYPES = YES;
				GCC_WARN_ABOUT_RETURN_TYPE = YES;
				GCC_WARN_UNUSED_VARIABLE = YES;
				HEADER_SEARCH_PATHS = "$(SDKROOT)/usr/include/libxml2/**";
				IPHONEOS_DEPLOYMENT_TARGET = 4.2;
				SDKROOT = iphoneos;
				TARGETED_DEVICE_FAMILY = 2;
			};
			name = Debug;
		};
		660830C414EDE172009BFDA4 /* Release */ = {
			isa = XCBuildConfiguration;
			buildSettings = {
				ALWAYS_SEARCH_USER_PATHS = NO;
				ARCHS = "$(ARCHS_STANDARD_32_BIT)";
				CLANG_ENABLE_OBJC_ARC = YES;
				"CODE_SIGN_IDENTITY[sdk=iphoneos*]" = "iPhone Developer";
				COPY_PHASE_STRIP = YES;
				GCC_C_LANGUAGE_STANDARD = gnu99;
				GCC_VERSION = com.apple.compilers.llvm.clang.1_0;
				GCC_WARN_ABOUT_MISSING_PROTOTYPES = YES;
				GCC_WARN_ABOUT_RETURN_TYPE = YES;
				GCC_WARN_UNUSED_VARIABLE = YES;
				HEADER_SEARCH_PATHS = "$(SDKROOT)/usr/include/libxml2/**";
				IPHONEOS_DEPLOYMENT_TARGET = 4.2;
				OTHER_CFLAGS = "-DNS_BLOCK_ASSERTIONS=1";
				SDKROOT = iphoneos;
				TARGETED_DEVICE_FAMILY = 2;
				VALIDATE_PRODUCT = YES;
			};
			name = Release;
		};
		660830C614EDE172009BFDA4 /* Debug */ = {
			isa = XCBuildConfiguration;
			buildSettings = {
				CLANG_ENABLE_OBJC_ARC = NO;
				GCC_PRECOMPILE_PREFIX_HEADER = YES;
				GCC_PREFIX_HEADER = "DropoffLane/DropoffLane-Prefix.pch";
				HEADER_SEARCH_PATHS = "$(SDKROOT)/usr/include/libxml2/**";
				INFOPLIST_FILE = "DropoffLane/DropoffLane-Info.plist";
				IPHONEOS_DEPLOYMENT_TARGET = 4.2;
				LIBRARY_SEARCH_PATHS = (
					"$(inherited)",
					"\"$(SRCROOT)/DropoffLane/Twitter+OAuth/Libraries & Headers\"",
					"\"$(SRCROOT)/Twitter+OAuth/Libraries & Headers\"",
				);
				PRODUCT_NAME = "$(TARGET_NAME)";
				USER_HEADER_SEARCH_PATHS = "";
				WRAPPER_EXTENSION = app;
			};
			name = Debug;
		};
		660830C714EDE172009BFDA4 /* Release */ = {
			isa = XCBuildConfiguration;
			buildSettings = {
				CLANG_ENABLE_OBJC_ARC = NO;
				GCC_PRECOMPILE_PREFIX_HEADER = YES;
				GCC_PREFIX_HEADER = "DropoffLane/DropoffLane-Prefix.pch";
				HEADER_SEARCH_PATHS = "$(SDKROOT)/usr/include/libxml2/**";
				INFOPLIST_FILE = "DropoffLane/DropoffLane-Info.plist";
				IPHONEOS_DEPLOYMENT_TARGET = 4.2;
				LIBRARY_SEARCH_PATHS = (
					"$(inherited)",
					"\"$(SRCROOT)/DropoffLane/Twitter+OAuth/Libraries & Headers\"",
					"\"$(SRCROOT)/Twitter+OAuth/Libraries & Headers\"",
				);
				PRODUCT_NAME = "$(TARGET_NAME)";
				USER_HEADER_SEARCH_PATHS = "";
				WRAPPER_EXTENSION = app;
			};
			name = Release;
		};
/* End XCBuildConfiguration section */

/* Begin XCConfigurationList section */
		660830A714EDE172009BFDA4 /* Build configuration list for PBXProject "DropoffLane" */ = {
			isa = XCConfigurationList;
			buildConfigurations = (
				660830C314EDE172009BFDA4 /* Debug */,
				660830C414EDE172009BFDA4 /* Release */,
			);
			defaultConfigurationIsVisible = 0;
			defaultConfigurationName = Release;
		};
		660830C514EDE172009BFDA4 /* Build configuration list for PBXNativeTarget "DropoffLane" */ = {
			isa = XCConfigurationList;
			buildConfigurations = (
				660830C614EDE172009BFDA4 /* Debug */,
				660830C714EDE172009BFDA4 /* Release */,
			);
			defaultConfigurationIsVisible = 0;
			defaultConfigurationName = Release;
		};
/* End XCConfigurationList section */
	};
	rootObject = 660830A414EDE172009BFDA4 /* Project object */;
}
